
Microsoft Visual Studio Solution File, Format Version 12.00
# Visual Studio Version 17
VisualStudioVersion = 17.14.36518.9 d17.14
MinimumVisualStudioVersion = 10.0.40219.1
Project("{FAE04EC0-301F-11D3-BF4B-00C04F79EFBC}") = "Simple_Bank_Teller", "Simple_Bank_Teller\Simple_Bank_Teller.csproj", "{56912884-0068-4806-8D50-CAF46C2B37A2}"
EndProject
Global
	GlobalSection(SolutionConfigurationPlatforms) = preSolution
		Debug|Any CPU = Debug|Any CPU
		Release|Any CPU = Release|Any CPU
	EndGlobalSection
	GlobalSection(ProjectConfigurationPlatforms) = postSolution
		{56912884-0068-4806-8D50-CAF46C2B37A2}.Debug|Any CPU.ActiveCfg = Debug|Any CPU
		{56912884-0068-4806-8D50-CAF46C2B37A2}.Debug|Any CPU.Build.0 = Debug|Any CPU
		{56912884-0068-4806-8D50-CAF46C2B37A2}.Release|Any CPU.ActiveCfg = Release|Any CPU
		{56912884-0068-4806-8D50-CAF46C2B37A2}.Release|Any CPU.Build.0 = Release|Any CPU
	EndGlobalSection
	GlobalSection(SolutionProperties) = preSolution
		HideSolutionNode = FALSE
	EndGlobalSection
	GlobalSection(ExtensibilityGlobals) = postSolution
		SolutionGuid = {B200BEC1-4E2B-4332-A711-A390B6A6525D}
	EndGlobalSection
EndGlobal
